
Microsoft Visual Studio Solution File, Format Version 12.00
# Visual Studio Version 17
VisualStudioVersion = 17.3.32901.215
MinimumVisualStudioVersion = 10.0.40219.1
Project("{FAE04EC0-301F-11D3-BF4B-00C04F79EFBC}") = "PW2 task1", "PW2\PW2 task1.csproj", "{019E8D8E-5ADE-459D-8EC0-5DCE30F59EF6}"
EndProject
Project("{FAE04EC0-301F-11D3-BF4B-00C04F79EFBC}") = "PW2 task2", "PW2 task2\PW2 task2.csproj", "{0D8D6D2E-E4B8-4BA9-929D-D5A5CDFCBA25}"
EndProject
Project("{FAE04EC0-301F-11D3-BF4B-00C04F79EFBC}") = "PW2 task3", "PW2 task3\PW2 task3.csproj", "{D78439E4-0154-4F24-8A04-8AB92F6C653B}"
EndProject
Global
	GlobalSection(SolutionConfigurationPlatforms) = preSolution
		Debug|Any CPU = Debug|Any CPU
		Release|Any CPU = Release|Any CPU
	EndGlobalSection
	GlobalSection(ProjectConfigurationPlatforms) = postSolution
		{019E8D8E-5ADE-459D-8EC0-5DCE30F59EF6}.Debug|Any CPU.ActiveCfg = Debug|Any CPU
		{019E8D8E-5ADE-459D-8EC0-5DCE30F59EF6}.Debug|Any CPU.Build.0 = Debug|Any CPU
		{019E8D8E-5ADE-459D-8EC0-5DCE30F59EF6}.Release|Any CPU.ActiveCfg = Release|Any CPU
		{019E8D8E-5ADE-459D-8EC0-5DCE30F59EF6}.Release|Any CPU.Build.0 = Release|Any CPU
		{0D8D6D2E-E4B8-4BA9-929D-D5A5CDFCBA25}.Debug|Any CPU.ActiveCfg = Debug|Any CPU
		{0D8D6D2E-E4B8-4BA9-929D-D5A5CDFCBA25}.Debug|Any CPU.Build.0 = Debug|Any CPU
		{0D8D6D2E-E4B8-4BA9-929D-D5A5CDFCBA25}.Release|Any CPU.ActiveCfg = Release|Any CPU
		{0D8D6D2E-E4B8-4BA9-929D-D5A5CDFCBA25}.Release|Any CPU.Build.0 = Release|Any CPU
		{D78439E4-0154-4F24-8A04-8AB92F6C653B}.Debug|Any CPU.ActiveCfg = Debug|Any CPU
		{D78439E4-0154-4F24-8A04-8AB92F6C653B}.Debug|Any CPU.Build.0 = Debug|Any CPU
		{D78439E4-0154-4F24-8A04-8AB92F6C653B}.Release|Any CPU.ActiveCfg = Release|Any CPU
		{D78439E4-0154-4F24-8A04-8AB92F6C653B}.Release|Any CPU.Build.0 = Release|Any CPU
	EndGlobalSection
	GlobalSection(SolutionProperties) = preSolution
		HideSolutionNode = FALSE
	EndGlobalSection
	GlobalSection(ExtensibilityGlobals) = postSolution
		SolutionGuid = {C0D93266-0FD0-4266-B71C-99E7A72289B3}
	EndGlobalSection
EndGlobal
